
Microsoft Visual Studio Solution File, Format Version 11.00
# Visual Studio 2010
Project("{FAE04EC0-301F-11D3-BF4B-00C04F79EFBC}") = "Assembly-CSharp", "Assembly-CSharp.csproj", "{AC6D78D5-EBE4-7981-FAA3-39022106AB69}"
EndProject
Project("{FAE04EC0-301F-11D3-BF4B-00C04F79EFBC}") = "NavMeshComponentsExamples", "NavMeshComponentsExamples.csproj", "{CDAB248E-2116-EA14-BA97-7C5F968E69A0}"
EndProject
Project("{FAE04EC0-301F-11D3-BF4B-00C04F79EFBC}") = "NavMeshComponents", "NavMeshComponents.csproj", "{C2D5CB7B-ABB0-18E3-0B49-4472D0EE54CE}"
EndProject
Project("{FAE04EC0-301F-11D3-BF4B-00C04F79EFBC}") = "NavMeshComponentsPlaymodeTests", "NavMeshComponentsPlaymodeTests.csproj", "{47523B84-BBD0-03FB-01F3-3A00FC3A2289}"
EndProject
Project("{FAE04EC0-301F-11D3-BF4B-00C04F79EFBC}") = "NavMeshComponentsEditor", "NavMeshComponentsEditor.csproj", "{C3EE6AF0-D52D-4DF0-E3AE-606C8AEECE59}"
EndProject
Project("{FAE04EC0-301F-11D3-BF4B-00C04F79EFBC}") = "Assembly-CSharp-Editor", "Assembly-CSharp-Editor.csproj", "{D4E95C6C-262B-D240-D7C5-63E724E6AB18}"
EndProject
Project("{FAE04EC0-301F-11D3-BF4B-00C04F79EFBC}") = "NavMeshComponentsExamplesEditor", "NavMeshComponentsExamplesEditor.csproj", "{C6F8F7F9-D6CA-F9A1-0072-D187A9475BD7}"
EndProject
Global
	GlobalSection(SolutionConfigurationPlatforms) = preSolution
		Debug|Any CPU = Debug|Any CPU
		Release|Any CPU = Release|Any CPU
	EndGlobalSection
	GlobalSection(ProjectConfigurationPlatforms) = postSolution
		{AC6D78D5-EBE4-7981-FAA3-39022106AB69}.Debug|Any CPU.ActiveCfg = Debug|Any CPU
		{AC6D78D5-EBE4-7981-FAA3-39022106AB69}.Debug|Any CPU.Build.0 = Debug|Any CPU
		{AC6D78D5-EBE4-7981-FAA3-39022106AB69}.Release|Any CPU.ActiveCfg = Release|Any CPU
		{AC6D78D5-EBE4-7981-FAA3-39022106AB69}.Release|Any CPU.Build.0 = Release|Any CPU
		{CDAB248E-2116-EA14-BA97-7C5F968E69A0}.Debug|Any CPU.ActiveCfg = Debug|Any CPU
		{CDAB248E-2116-EA14-BA97-7C5F968E69A0}.Debug|Any CPU.Build.0 = Debug|Any CPU
		{CDAB248E-2116-EA14-BA97-7C5F968E69A0}.Release|Any CPU.ActiveCfg = Release|Any CPU
		{CDAB248E-2116-EA14-BA97-7C5F968E69A0}.Release|Any CPU.Build.0 = Release|Any CPU
		{C2D5CB7B-ABB0-18E3-0B49-4472D0EE54CE}.Debug|Any CPU.ActiveCfg = Debug|Any CPU
		{C2D5CB7B-ABB0-18E3-0B49-4472D0EE54CE}.Debug|Any CPU.Build.0 = Debug|Any CPU
		{C2D5CB7B-ABB0-18E3-0B49-4472D0EE54CE}.Release|Any CPU.ActiveCfg = Release|Any CPU
		{C2D5CB7B-ABB0-18E3-0B49-4472D0EE54CE}.Release|Any CPU.Build.0 = Release|Any CPU
		{47523B84-BBD0-03FB-01F3-3A00FC3A2289}.Debug|Any CPU.ActiveCfg = Debug|Any CPU
		{47523B84-BBD0-03FB-01F3-3A00FC3A2289}.Debug|Any CPU.Build.0 = Debug|Any CPU
		{47523B84-BBD0-03FB-01F3-3A00FC3A2289}.Release|Any CPU.ActiveCfg = Release|Any CPU
		{47523B84-BBD0-03FB-01F3-3A00FC3A2289}.Release|Any CPU.Build.0 = Release|Any CPU
		{C3EE6AF0-D52D-4DF0-E3AE-606C8AEECE59}.Debug|Any CPU.ActiveCfg = Debug|Any CPU
		{C3EE6AF0-D52D-4DF0-E3AE-606C8AEECE59}.Debug|Any CPU.Build.0 = Debug|Any CPU
		{C3EE6AF0-D52D-4DF0-E3AE-606C8AEECE59}.Release|Any CPU.ActiveCfg = Release|Any CPU
		{C3EE6AF0-D52D-4DF0-E3AE-606C8AEECE59}.Release|Any CPU.Build.0 = Release|Any CPU
		{D4E95C6C-262B-D240-D7C5-63E724E6AB18}.Debug|Any CPU.ActiveCfg = Debug|Any CPU
		{D4E95C6C-262B-D240-D7C5-63E724E6AB18}.Debug|Any CPU.Build.0 = Debug|Any CPU
		{D4E95C6C-262B-D240-D7C5-63E724E6AB18}.Release|Any CPU.ActiveCfg = Release|Any CPU
		{D4E95C6C-262B-D240-D7C5-63E724E6AB18}.Release|Any CPU.Build.0 = Release|Any CPU
		{C6F8F7F9-D6CA-F9A1-0072-D187A9475BD7}.Debug|Any CPU.ActiveCfg = Debug|Any CPU
		{C6F8F7F9-D6CA-F9A1-0072-D187A9475BD7}.Debug|Any CPU.Build.0 = Debug|Any CPU
		{C6F8F7F9-D6CA-F9A1-0072-D187A9475BD7}.Release|Any CPU.ActiveCfg = Release|Any CPU
		{C6F8F7F9-D6CA-F9A1-0072-D187A9475BD7}.Release|Any CPU.Build.0 = Release|Any CPU
	EndGlobalSection
	GlobalSection(SolutionProperties) = preSolution
		HideSolutionNode = FALSE
	EndGlobalSection
	GlobalSection(MonoDevelopProperties) = preSolution
		StartupItem = Assembly-CSharp.csproj
	EndGlobalSection
EndGlobal
